# This file is automatically @generated by Cargo.
# It is not intended for manual editing.
version = 4

[[package]]
name = "aho-corasick"
version = "1.1.4"
source = "registry+https://github.com/rust-lang/crates.io-index"
checksum = "ddd31a130427c27518df266943a5308ed92d4b226cc639f5a8f1002816174301"
dependencies = [
 "memchr",
]

[[package]]
name = "anyhow"
version = "1.0.101"
source = "registry+https://github.com/rust-lang/crates.io-index"
checksum = "5f0e0fee31ef5ed1ba1316088939cea399010ed7731dba877ed44aeb407a75ea"

[[package]]
name = "bob-diff"
version = "0.4.0"
dependencies = [
 "anyhow",
 "bob-lib",
]

[[package]]
name = "bob-lib"
version = "0.6.0"
source = "git+https://github.com/swz-git/bob.git#880997118cc20de1267caf6ef7963a813bbb8d55"
dependencies = [
 "anyhow",
 "ignore",
 "log",
 "rapidhash",
 "rayon",
 "rkyv",
 "zstd",
]

[[package]]
name = "bstr"
version = "1.12.1"
source = "registry+https://github.com/rust-lang/crates.io-index"
checksum = "63044e1ae8e69f3b5a92c736ca6269b8d12fa7efe39bf34ddb06d102cf0e2cab"
dependencies = [
 "memchr",
 "serde",
]

[[package]]
name = "bumpalo"
version = "3.20.0"
source = "registry+https://github.com/rust-lang/crates.io-index"
checksum = "c81d250916401487680ed13b8b675660281dcfc3ab0121fe44c94bcab9eae2fb"

[[package]]
name = "bytecheck"
version = "0.8.2"
source = "registry+https://github.com/rust-lang/crates.io-index"
checksum = "0caa33a2c0edca0419d15ac723dff03f1956f7978329b1e3b5fdaaaed9d3ca8b"
dependencies = [
 "bytecheck_derive",
 "ptr_meta",
 "rancor",
 "simdutf8",
]

[[package]]
name = "bytecheck_derive"
version = "0.8.2"
source = "registry+https://github.com/rust-lang/crates.io-index"
checksum = "89385e82b5d1821d2219e0b095efa2cc1f246cbf99080f3be46a1a85c0d392d9"
dependencies = [
 "proc-macro2",
 "quote",
 "syn",
]

[[package]]
name = "bytes"
version = "1.11.1"
source = "registry+https://github.com/rust-lang/crates.io-index"
checksum = "1e748733b7cbc798e1434b6ac524f0c1ff2ab456fe201501e6497c8417a4fc33"

[[package]]
name = "cc"
version = "1.2.56"
source = "registry+https://github.com/rust-lang/crates.io-index"
checksum = "aebf35691d1bfb0ac386a69bac2fde4dd276fb618cf8bf4f5318fe285e821bb2"
dependencies = [
 "find-msvc-tools",
 "jobserver",
 "libc",
 "shlex",
]

[[package]]
name = "cfg-if"
version = "1.0.4"
source = "registry+https://github.com/rust-lang/crates.io-index"
checksum = "9330f8b2ff13f34540b44e946ef35111825727b38d33286ef986142615121801"

[[package]]
name = "crossbeam-deque"
version = "0.8.6"
source = "registry+https://github.com/rust-lang/crates.io-index"
checksum = "9dd111b7b7f7d55b72c0a6ae361660ee5853c9af73f70c3c2ef6858b950e2e51"
dependencies = [
 "crossbeam-epoch",
 "crossbeam-utils",
]

[[package]]
name = "crossbeam-epoch"
version = "0.9.18"
source = "registry+https://github.com/rust-lang/crates.io-index"
checksum = "5b82ac4a3c2ca9c3460964f020e1402edd5753411d7737aa39c3714ad1b5420e"
dependencies = [
 "crossbeam-utils",
]

[[package]]
name = "crossbeam-utils"
version = "0.8.21"
source = "registry+https://github.com/rust-lang/crates.io-index"
checksum = "d0a5c400df2834b80a4c3327b3aad3a4c4cd4de0629063962b03235697506a28"

[[package]]
name = "either"
version = "1.15.0"
source = "registry+https://github.com/rust-lang/crates.io-index"
checksum = "48c757948c5ede0e46177b7add2e67155f70e33c07fea8284df6576da70b3719"

[[package]]
name = "equivalent"
version = "1.0.2"
source = "registry+https://github.com/rust-lang/crates.io-index"
checksum = "877a4ace8713b0bcf2a4e7eec82529c029f1d0619886d18145fea96c3ffe5c0f"

[[package]]
name = "find-msvc-tools"
version = "0.1.9"
source = "registry+https://github.com/rust-lang/crates.io-index"
checksum = "5baebc0774151f905a1a2cc41989300b1e6fbb29aff0ceffa1064fdd3088d582"

[[package]]
name = "getrandom"
version = "0.3.4"
source = "registry+https://github.com/rust-lang/crates.io-index"
checksum = "899def5c37c4fd7b2664648c28120ecec138e4d395b459e5ca34f9cce2dd77fd"
dependencies = [
 "cfg-if",
 "libc",
 "r-efi",
 "wasip2",
]

[[package]]
name = "globset"
version = "0.4.18"
source = "registry+https://github.com/rust-lang/crates.io-index"
checksum = "52dfc19153a48bde0cbd630453615c8151bce3a5adfac7a0aebfbf0a1e1f57e3"
dependencies = [
 "aho-corasick",
 "bstr",
 "log",
 "regex-automata",
 "regex-syntax",
]

[[package]]
name = "hashbrown"
version = "0.16.1"
source = "registry+https://github.com/rust-lang/crates.io-index"
checksum = "841d1cc9bed7f9236f321df977030373f4a4163ae1a7dbfe1a51a2c1a51d9100"

[[package]]
name = "ignore"
version = "0.4.25"
source = "registry+https://github.com/rust-lang/crates.io-index"
checksum = "d3d782a365a015e0f5c04902246139249abf769125006fbe7649e2ee88169b4a"
dependencies = [
 "crossbeam-deque",
 "globset",
 "log",
 "memchr",
 "regex-automata",
 "same-file",
 "walkdir",
 "winapi-util",
]

[[package]]
name = "indexmap"
version = "2.13.0"
source = "registry+https://github.com/rust-lang/crates.io-index"
checksum = "7714e70437a7dc3ac8eb7e6f8df75fd8eb422675fc7678aff7364301092b1017"
dependencies = [
 "equivalent",
 "hashbrown",
]

[[package]]
name = "jobserver"
version = "0.1.34"
source = "registry+https://github.com/rust-lang/crates.io-index"
checksum = "9afb3de4395d6b3e67a780b6de64b51c978ecf11cb9a462c66be7d4ca9039d33"
dependencies = [
 "getrandom",
 "libc",
]

[[package]]
name = "js-sys"
version = "0.3.85"
source = "registry+https://github.com/rust-lang/crates.io-index"
checksum = "8c942ebf8e95485ca0d52d97da7c5a2c387d0e7f0ba4c35e93bfcaee045955b3"
dependencies = [
 "once_cell",
 "wasm-bindgen",
]

[[package]]
name = "libc"
version = "0.2.182"
source = "registry+https://github.com/rust-lang/crates.io-index"
checksum = "6800badb6cb2082ffd7b6a67e6125bb39f18782f793520caee8cb8846be06112"

[[package]]
name = "log"
version = "0.4.29"
source = "registry+https://github.com/rust-lang/crates.io-index"
checksum = "5e5032e24019045c762d3c0f28f5b6b8bbf38563a65908389bf7978758920897"

[[package]]
name = "memchr"
version = "2.8.0"
source = "registry+https://github.com/rust-lang/crates.io-index"
checksum = "f8ca58f447f06ed17d5fc4043ce1b10dd205e060fb3ce5b979b8ed8e59ff3f79"

[[package]]
name = "munge"
version = "0.4.7"
source = "registry+https://github.com/rust-lang/crates.io-index"
checksum = "5e17401f259eba956ca16491461b6e8f72913a0a114e39736ce404410f915a0c"
dependencies = [
 "munge_macro",
]

[[package]]
name = "munge_macro"
version = "0.4.7"
source = "registry+https://github.com/rust-lang/crates.io-index"
checksum = "4568f25ccbd45ab5d5603dc34318c1ec56b117531781260002151b8530a9f931"
dependencies = [
 "proc-macro2",
 "quote",
 "syn",
]

[[package]]
name = "once_cell"
version = "1.21.3"
source = "registry+https://github.com/rust-lang/crates.io-index"
checksum = "42f5e15c9953c5e4ccceeb2e7382a716482c34515315f7b03532b8b4e8393d2d"

[[package]]
name = "pkg-config"
version = "0.3.32"
source = "registry+https://github.com/rust-lang/crates.io-index"
checksum = "7edddbd0b52d732b21ad9a5fab5c704c14cd949e5e9a1ec5929a24fded1b904c"

[[package]]
name = "proc-macro2"
version = "1.0.106"
source = "registry+https://github.com/rust-lang/crates.io-index"
checksum = "8fd00f0bb2e90d81d1044c2b32617f68fcb9fa3bb7640c23e9c748e53fb30934"
dependencies = [
 "unicode-ident",
]

[[package]]
name = "ptr_meta"
version = "0.3.1"
source = "registry+https://github.com/rust-lang/crates.io-index"
checksum = "0b9a0cf95a1196af61d4f1cbdab967179516d9a4a4312af1f31948f8f6224a79"
dependencies = [
 "ptr_meta_derive",
]

[[package]]
name = "ptr_meta_derive"
version = "0.3.1"
source = "registry+https://github.com/rust-lang/crates.io-index"
checksum = "7347867d0a7e1208d93b46767be83e2b8f978c3dad35f775ac8d8847551d6fe1"
dependencies = [
 "proc-macro2",
 "quote",
 "syn",
]

[[package]]
name = "quote"
version = "1.0.44"
source = "registry+https://github.com/rust-lang/crates.io-index"
checksum = "21b2ebcf727b7760c461f091f9f0f539b77b8e87f2fd88131e7f1b433b3cece4"
dependencies = [
 "proc-macro2",
]

[[package]]
name = "r-efi"
version = "5.3.0"
source = "registry+https://github.com/rust-lang/crates.io-index"
checksum = "69cdb34c158ceb288df11e18b4bd39de994f6657d83847bdffdbd7f346754b0f"

[[package]]
name = "rancor"
version = "0.1.1"
source = "registry+https://github.com/rust-lang/crates.io-index"
checksum = "a063ea72381527c2a0561da9c80000ef822bdd7c3241b1cc1b12100e3df081ee"
dependencies = [
 "ptr_meta",
]

[[package]]
name = "rapidhash"
version = "4.4.0"
source = "registry+https://github.com/rust-lang/crates.io-index"
checksum = "111325c42c4bafae99e777cd77b40dea9a2b30c69e9d8c74b6eccd7fba4337de"
dependencies = [
 "rustversion",
]

[[package]]
name = "rayon"
version = "1.11.0"
source = "registry+https://github.com/rust-lang/crates.io-index"
checksum = "368f01d005bf8fd9b1206fb6fa653e6c4a81ceb1466406b81792d87c5677a58f"
dependencies = [
 "either",
 "rayon-core",
]

[[package]]
name = "rayon-core"
version = "1.13.0"
source = "registry+https://github.com/rust-lang/crates.io-index"
checksum = "22e18b0f0062d30d4230b2e85ff77fdfe4326feb054b9783a3460d8435c8ab91"
dependencies = [
 "crossbeam-deque",
 "crossbeam-utils",
]

[[package]]
name = "regex-automata"
version = "0.4.14"
source = "registry+https://github.com/rust-lang/crates.io-index"
checksum = "6e1dd4122fc1595e8162618945476892eefca7b88c52820e74af6262213cae8f"
dependencies = [
 "aho-corasick",
 "memchr",
 "regex-syntax",
]

[[package]]
name = "regex-syntax"
version = "0.8.9"
source = "registry+https://github.com/rust-lang/crates.io-index"
checksum = "a96887878f22d7bad8a3b6dc5b7440e0ada9a245242924394987b21cf2210a4c"

[[package]]
name = "rend"
version = "0.5.3"
source = "registry+https://github.com/rust-lang/crates.io-index"
checksum = "cadadef317c2f20755a64d7fdc48f9e7178ee6b0e1f7fce33fa60f1d68a276e6"
dependencies = [
 "bytecheck",
]

[[package]]
name = "rkyv"
version = "0.8.15"
source = "registry+https://github.com/rust-lang/crates.io-index"
checksum = "1a30e631b7f4a03dee9056b8ef6982e8ba371dd5bedb74d3ec86df4499132c70"
dependencies = [
 "bytecheck",
 "bytes",
 "hashbrown",
 "indexmap",
 "munge",
 "ptr_meta",
 "rancor",
 "rend",
 "rkyv_derive",
 "tinyvec",
 "uuid",
]

[[package]]
name = "rkyv_derive"
version = "0.8.15"
source = "registry+https://github.com/rust-lang/crates.io-index"
checksum = "8100bb34c0a1d0f907143db3149e6b4eea3c33b9ee8b189720168e818303986f"
dependencies = [
 "proc-macro2",
 "quote",
 "syn",
]

[[package]]
name = "rustversion"
version = "1.0.22"
source = "registry+https://github.com/rust-lang/crates.io-index"
checksum = "b39cdef0fa800fc44525c84ccb54a029961a8215f9619753635a9c0d2538d46d"

[[package]]
name = "same-file"
version = "1.0.6"
source = "registry+https://github.com/rust-lang/crates.io-index"
checksum = "93fc1dc3aaa9bfed95e02e6eadabb4baf7e3078b0bd1b4d7b6b0b68378900502"
dependencies = [
 "winapi-util",
]

[[package]]
name = "serde"
version = "1.0.228"
source = "registry+https://github.com/rust-lang/crates.io-index"
checksum = "9a8e94ea7f378bd32cbbd37198a4a91436180c5bb472411e48b5ec2e2124ae9e"
dependencies = [
 "serde_core",
]

[[package]]
name = "serde_core"
version = "1.0.228"
source = "registry+https://github.com/rust-lang/crates.io-index"
checksum = "41d385c7d4ca58e59fc732af25c3983b67ac852c1a25000afe1175de458b67ad"
dependencies = [
 "serde_derive",
]

[[package]]
name = "serde_derive"
version = "1.0.228"
source = "registry+https://github.com/rust-lang/crates.io-index"
checksum = "d540f220d3187173da220f885ab66608367b6574e925011a9353e4badda91d79"
dependencies = [
 "proc-macro2",
 "quote",
 "syn",
]

[[package]]
name = "shlex"
version = "1.3.0"
source = "registry+https://github.com/rust-lang/crates.io-index"
checksum = "0fda2ff0d084019ba4d7c6f371c95d8fd75ce3524c3cb8fb653a3023f6323e64"

[[package]]
name = "simdutf8"
version = "0.1.5"
source = "registry+https://github.com/rust-lang/crates.io-index"
checksum = "e3a9fe34e3e7a50316060351f37187a3f546bce95496156754b601a5fa71b76e"

[[package]]
name = "syn"
version = "2.0.116"
source = "registry+https://github.com/rust-lang/crates.io-index"
checksum = "3df424c70518695237746f84cede799c9c58fcb37450d7b23716568cc8bc69cb"
dependencies = [
 "proc-macro2",
 "quote",
 "unicode-ident",
]

[[package]]
name = "tinyvec"
version = "1.10.0"
source = "registry+https://github.com/rust-lang/crates.io-index"
checksum = "bfa5fdc3bce6191a1dbc8c02d5c8bffcf557bafa17c124c5264a458f1b0613fa"
dependencies = [
 "tinyvec_macros",
]

[[package]]
name = "tinyvec_macros"
version = "0.1.1"
source = "registry+https://github.com/rust-lang/crates.io-index"
checksum = "1f3ccbac311fea05f86f61904b462b55fb3df8837a366dfc601a0161d0532f20"

[[package]]
name = "unicode-ident"
version = "1.0.24"
source = "registry+https://github.com/rust-lang/crates.io-index"
checksum = "e6e4313cd5fcd3dad5cafa179702e2b244f760991f45397d14d4ebf38247da75"

[[package]]
name = "uuid"
version = "1.21.0"
source = "registry+https://github.com/rust-lang/crates.io-index"
checksum = "b672338555252d43fd2240c714dc444b8c6fb0a5c5335e65a07bba7742735ddb"
dependencies = [
 "js-sys",
 "wasm-bindgen",
]

[[package]]
name = "walkdir"
version = "2.5.0"
source = "registry+https://github.com/rust-lang/crates.io-index"
checksum = "29790946404f91d9c5d06f9874efddea1dc06c5efe94541a7d6863108e3a5e4b"
dependencies = [
 "same-file",
 "winapi-util",
]

[[package]]
name = "wasip2"
version = "1.0.2+wasi-0.2.9"
source = "registry+https://github.com/rust-lang/crates.io-index"
checksum = "9517f9239f02c069db75e65f174b3da828fe5f5b945c4dd26bd25d89c03ebcf5"
dependencies = [
 "wit-bindgen",
]

[[package]]
name = "wasm-bindgen"
version = "0.2.108"
source = "registry+https://github.com/rust-lang/crates.io-index"
checksum = "64024a30ec1e37399cf85a7ffefebdb72205ca1c972291c51512360d90bd8566"
dependencies = [
 "cfg-if",
 "once_cell",
 "rustversion",
 "wasm-bindgen-macro",
 "wasm-bindgen-shared",
]

[[package]]
name = "wasm-bindgen-macro"
version = "0.2.108"
source = "registry+https://github.com/rust-lang/crates.io-index"
checksum = "008b239d9c740232e71bd39e8ef6429d27097518b6b30bdf9086833bd5b6d608"
dependencies = [
 "quote",
 "wasm-bindgen-macro-support",
]

[[package]]
name = "wasm-bindgen-macro-support"
version = "0.2.108"
source = "registry+https://github.com/rust-lang/crates.io-index"
checksum = "5256bae2d58f54820e6490f9839c49780dff84c65aeab9e772f15d5f0e913a55"
dependencies = [
 "bumpalo",
 "proc-macro2",
 "quote",
 "syn",
 "wasm-bindgen-shared",
]

[[package]]
name = "wasm-bindgen-shared"
version = "0.2.108"
source = "registry+https://github.com/rust-lang/crates.io-index"
checksum = "1f01b580c9ac74c8d8f0c0e4afb04eeef2acf145458e52c03845ee9cd23e3d12"
dependencies = [
 "unicode-ident",
]

[[package]]
name = "winapi-util"
version = "0.1.11"
source = "registry+https://github.com/rust-lang/crates.io-index"
checksum = "c2a7b1c03c876122aa43f3020e6c3c3ee5c05081c9a00739faf7503aeba10d22"
dependencies = [
 "windows-sys",
]

[[package]]
name = "windows-link"
version = "0.2.1"
source = "registry+https://github.com/rust-lang/crates.io-index"
checksum = "f0805222e57f7521d6a62e36fa9163bc891acd422f971defe97d64e70d0a4fe5"

[[package]]
name = "windows-sys"
version = "0.61.2"
source = "registry+https://github.com/rust-lang/crates.io-index"
checksum = "ae137229bcbd6cdf0f7b80a31df61766145077ddf49416a728b02cb3921ff3fc"
dependencies = [
 "windows-link",
]

[[package]]
name = "wit-bindgen"
version = "0.51.0"
source = "registry+https://github.com/rust-lang/crates.io-index"
checksum = "d7249219f66ced02969388cf2bb044a09756a083d0fab1e566056b04d9fbcaa5"

[[package]]
name = "zstd"
version = "0.13.3"
source = "registry+https://github.com/rust-lang/crates.io-index"
checksum = "e91ee311a569c327171651566e07972200e76fcfe2242a4fa446149a3881c08a"
dependencies = [
 "zstd-safe",
]

[[package]]
name = "zstd-safe"
version = "7.2.4"
source = "registry+https://github.com/rust-lang/crates.io-index"
checksum = "8f49c4d5f0abb602a93fb8736af2a4f4dd9512e36f7f570d66e65ff867ed3b9d"
dependencies = [
 "zstd-sys",
]

[[package]]
name = "zstd-sys"
version = "2.0.16+zstd.1.5.7"
source = "registry+https://github.com/rust-lang/crates.io-index"
checksum = "91e19ebc2adc8f83e43039e79776e3fda8ca919132d68a1fed6a5faca2683748"
dependencies = [
 "cc",
 "pkg-config",
]
